
Microsoft Visual Studio Solution File, Format Version 12.00
# Visual Studio Version 16
VisualStudioVersion = 16.0.31402.337
MinimumVisualStudioVersion = 10.0.40219.1
Project("{FAE04EC0-301F-11D3-BF4B-00C04F79EFBC}") = "AutomationPractice", "AutomationPractice\AutomationPractice.csproj", "{76923926-7683-41BD-9893-91E903C717A7}"
EndProject
Global
	GlobalSection(SolutionConfigurationPlatforms) = preSolution
		Debug|Any CPU = Debug|Any CPU
		Release|Any CPU = Release|Any CPU
	EndGlobalSection
	GlobalSection(ProjectConfigurationPlatforms) = postSolution
		{76923926-7683-41BD-9893-91E903C717A7}.Debug|Any CPU.ActiveCfg = Debug|Any CPU
		{76923926-7683-41BD-9893-91E903C717A7}.Debug|Any CPU.Build.0 = Debug|Any CPU
		{76923926-7683-41BD-9893-91E903C717A7}.Release|Any CPU.ActiveCfg = Release|Any CPU
		{76923926-7683-41BD-9893-91E903C717A7}.Release|Any CPU.Build.0 = Release|Any CPU
	EndGlobalSection
	GlobalSection(SolutionProperties) = preSolution
		HideSolutionNode = FALSE
	EndGlobalSection
	GlobalSection(ExtensibilityGlobals) = postSolution
		SolutionGuid = {4A1771F0-E3C3-455A-8723-A5E3C1A3BF02}
	EndGlobalSection
EndGlobal
